
Microsoft Visual Studio Solution File, Format Version 12.00
# Visual Studio Version 16
VisualStudioVersion = 16.0.29911.84
MinimumVisualStudioVersion = 10.0.40219.1
Project("{FAE04EC0-301F-11D3-BF4B-00C04F79EFBC}") = "GraphBasics", "GraphBasics.csproj", "{1FB97306-B999-4AEC-B5C8-15D10F8BFB9A}"
EndProject
Global
	GlobalSection(SolutionConfigurationPlatforms) = preSolution
		Debug|Any CPU = Debug|Any CPU
		Release|Any CPU = Release|Any CPU
	EndGlobalSection
	GlobalSection(ProjectConfigurationPlatforms) = postSolution
		{1FB97306-B999-4AEC-B5C8-15D10F8BFB9A}.Debug|Any CPU.ActiveCfg = Debug|Any CPU
		{1FB97306-B999-4AEC-B5C8-15D10F8BFB9A}.Debug|Any CPU.Build.0 = Debug|Any CPU
		{1FB97306-B999-4AEC-B5C8-15D10F8BFB9A}.Release|Any CPU.ActiveCfg = Release|Any CPU
		{1FB97306-B999-4AEC-B5C8-15D10F8BFB9A}.Release|Any CPU.Build.0 = Release|Any CPU
	EndGlobalSection
	GlobalSection(SolutionProperties) = preSolution
		HideSolutionNode = FALSE
	EndGlobalSection
	GlobalSection(ExtensibilityGlobals) = postSolution
		SolutionGuid = {9AD30D15-1CFC-4C5D-9E06-794B7C789F65}
	EndGlobalSection
EndGlobal
