
Microsoft Visual Studio Solution File, Format Version 12.00
# Visual Studio Version 16
VisualStudioVersion = 16.0.29609.76
MinimumVisualStudioVersion = 10.0.40219.1
Project("{FAE04EC0-301F-11D3-BF4B-00C04F79EFBC}") = "Coding Challenges", "Coding Challenges.csproj", "{1C935369-B4F7-4383-8F59-709E13F06803}"
EndProject
Global
	GlobalSection(SolutionConfigurationPlatforms) = preSolution
		Debug|Any CPU = Debug|Any CPU
		Release|Any CPU = Release|Any CPU
	EndGlobalSection
	GlobalSection(ProjectConfigurationPlatforms) = postSolution
		{1C935369-B4F7-4383-8F59-709E13F06803}.Debug|Any CPU.ActiveCfg = Debug|Any CPU
		{1C935369-B4F7-4383-8F59-709E13F06803}.Debug|Any CPU.Build.0 = Debug|Any CPU
		{1C935369-B4F7-4383-8F59-709E13F06803}.Release|Any CPU.ActiveCfg = Release|Any CPU
		{1C935369-B4F7-4383-8F59-709E13F06803}.Release|Any CPU.Build.0 = Release|Any CPU
	EndGlobalSection
	GlobalSection(SolutionProperties) = preSolution
		HideSolutionNode = FALSE
	EndGlobalSection
	GlobalSection(ExtensibilityGlobals) = postSolution
		SolutionGuid = {8EEC779E-682F-474B-BA7F-F6193987B027}
	EndGlobalSection
EndGlobal
