
Microsoft Visual Studio Solution File, Format Version 12.00
# Visual Studio Version 16
VisualStudioVersion = 16.0.29215.179
MinimumVisualStudioVersion = 10.0.40219.1
Project("{FAE04EC0-301F-11D3-BF4B-00C04F79EFBC}") = "QuadTreeStarter", "QuadTreeStarter.csproj", "{BEC76431-FE9A-44A8-AE2F-2136010B6C2F}"
EndProject
Global
	GlobalSection(SolutionConfigurationPlatforms) = preSolution
		Debug|x86 = Debug|x86
		Release|x86 = Release|x86
	EndGlobalSection
	GlobalSection(ProjectConfigurationPlatforms) = postSolution
		{BEC76431-FE9A-44A8-AE2F-2136010B6C2F}.Debug|x86.ActiveCfg = Debug|x86
		{BEC76431-FE9A-44A8-AE2F-2136010B6C2F}.Debug|x86.Build.0 = Debug|x86
		{BEC76431-FE9A-44A8-AE2F-2136010B6C2F}.Release|x86.ActiveCfg = Release|x86
		{BEC76431-FE9A-44A8-AE2F-2136010B6C2F}.Release|x86.Build.0 = Release|x86
	EndGlobalSection
	GlobalSection(SolutionProperties) = preSolution
		HideSolutionNode = FALSE
	EndGlobalSection
	GlobalSection(ExtensibilityGlobals) = postSolution
		SolutionGuid = {7F517270-270B-480E-9B7D-A3B02A80D7BB}
	EndGlobalSection
EndGlobal
