
Microsoft Visual Studio Solution File, Format Version 12.00
# Visual Studio Version 16
VisualStudioVersion = 16.0.29609.76
MinimumVisualStudioVersion = 10.0.40219.1
Project("{FAE04EC0-301F-11D3-BF4B-00C04F79EFBC}") = "LinkedList", "LinkedList.csproj", "{59418A52-6154-4595-8D19-2382BDD240B8}"
EndProject
Global
	GlobalSection(SolutionConfigurationPlatforms) = preSolution
		Debug|Any CPU = Debug|Any CPU
		Release|Any CPU = Release|Any CPU
	EndGlobalSection
	GlobalSection(ProjectConfigurationPlatforms) = postSolution
		{59418A52-6154-4595-8D19-2382BDD240B8}.Debug|Any CPU.ActiveCfg = Debug|Any CPU
		{59418A52-6154-4595-8D19-2382BDD240B8}.Debug|Any CPU.Build.0 = Debug|Any CPU
		{59418A52-6154-4595-8D19-2382BDD240B8}.Release|Any CPU.ActiveCfg = Release|Any CPU
		{59418A52-6154-4595-8D19-2382BDD240B8}.Release|Any CPU.Build.0 = Release|Any CPU
	EndGlobalSection
	GlobalSection(SolutionProperties) = preSolution
		HideSolutionNode = FALSE
	EndGlobalSection
	GlobalSection(ExtensibilityGlobals) = postSolution
		SolutionGuid = {9BA1A34A-897A-4A72-BC28-A53AF31CB108}
	EndGlobalSection
EndGlobal
